
Microsoft Visual Studio Solution File, Format Version 12.00
# Visual Studio Version 17
VisualStudioVersion = 17.7.34018.315
MinimumVisualStudioVersion = 10.0.40219.1
Project("{2150E333-8FDC-42A3-9474-1A3956D46DE8}") = "Creational", "Creational", "{92C7D978-7BDD-4D44-996E-864311421DAC}"
EndProject
Project("{8BC9CEB8-8B4A-11D0-8D11-00A0C91BC942}") = "Factory", "Creationnal\Factory\Factory.vcxproj", "{89D19BB1-B43D-4BFE-9165-AF686DE165F8}"
EndProject
Project("{8BC9CEB8-8B4A-11D0-8D11-00A0C91BC942}") = "AbstractFactory", "Creationnal\AbstractFactory\AbstractFactory.vcxproj", "{973BF8C7-5057-4E34-A840-5239CA66F7F5}"
EndProject
Project("{8BC9CEB8-8B4A-11D0-8D11-00A0C91BC942}") = "Builder", "Creationnal\Builder\Builder.vcxproj", "{88A8BBB2-4934-4C79-A298-ABE8D028D368}"
EndProject
Project("{2150E333-8FDC-42A3-9474-1A3956D46DE8}") = "Structural", "Structural", "{768CDFBE-73B9-4782-88AE-E87FC594550B}"
EndProject
Project("{8BC9CEB8-8B4A-11D0-8D11-00A0C91BC942}") = "Composite", "Structural\Composite\Composition.vcxproj", "{C333B721-E49F-446D-9BA0-7C6BE594FB18}"
EndProject
Project("{8BC9CEB8-8B4A-11D0-8D11-00A0C91BC942}") = "Singleton", "Creationnal\Singleton\Singleton.vcxproj", "{E734DF5B-EE91-404E-80AE-C6FB94D2A545}"
EndProject
Project("{8BC9CEB8-8B4A-11D0-8D11-00A0C91BC942}") = "Multiton", "Creationnal\Multiton\Multiton.vcxproj", "{9012E196-B8CD-4550-98E1-F67FB0444E8A}"
EndProject
Project("{8BC9CEB8-8B4A-11D0-8D11-00A0C91BC942}") = "Prototype", "Creationnal\Prototype\Prototype.vcxproj", "{02EE414E-0684-4DF7-834C-1C8F059707EA}"
EndProject
Project("{2150E333-8FDC-42A3-9474-1A3956D46DE8}") = "Behavioral", "Behavioral", "{AAE4C28A-7B74-44DC-A8E2-BA9A580AFBF9}"
EndProject
Project("{8BC9CEB8-8B4A-11D0-8D11-00A0C91BC942}") = "ChainOfResponsability", "Behavioral\ChainOfResponsability\ChainOfResponsability.vcxproj", "{FC6B4C0F-C4DB-4161-A61C-146AAE19C220}"
EndProject
Project("{8BC9CEB8-8B4A-11D0-8D11-00A0C91BC942}") = "Command", "Behavioral\Command\Command.vcxproj", "{B53CFA18-6269-41DB-90B2-3B07C49A8B0E}"
EndProject
Project("{8BC9CEB8-8B4A-11D0-8D11-00A0C91BC942}") = "Mediator", "Behavioral\Mediator\Mediator.vcxproj", "{628E3873-D2D8-4E35-AD6B-895E1A3FE872}"
EndProject
Project("{8BC9CEB8-8B4A-11D0-8D11-00A0C91BC942}") = "Observer", "Behavioral\Observer\Observer.vcxproj", "{6B534A78-CA39-4A51-977D-7B69F0DBDC2F}"
EndProject
Project("{8BC9CEB8-8B4A-11D0-8D11-00A0C91BC942}") = "Combined-patterns1", "Behavioral\Combined-patterns1\Combined-patterns1.vcxproj", "{4FEC9273-9821-4960-9EB1-7E571500C30E}"
EndProject
Project("{8BC9CEB8-8B4A-11D0-8D11-00A0C91BC942}") = "Interpreter", "Behavioral\Interpreter\Interpreter.vcxproj", "{2CAF500F-0BBF-4E07-A797-FBF7445F2102}"
EndProject
Project("{8BC9CEB8-8B4A-11D0-8D11-00A0C91BC942}") = "state", "Behavioral\state\state.vcxproj", "{3AF873DF-6057-426D-B62C-19B8A42CE453}"
EndProject
Project("{8BC9CEB8-8B4A-11D0-8D11-00A0C91BC942}") = "Strategy", "Behavioral\Strategy\Strategy.vcxproj", "{47EBDF6F-0715-48AA-B32D-EED5FEC3A958}"
EndProject
Project("{8BC9CEB8-8B4A-11D0-8D11-00A0C91BC942}") = "template-method", "Behavioral\template-method\template-method.vcxproj", "{CF58431D-2FD7-413E-BD29-423C67EFBE6E}"
EndProject
Project("{8BC9CEB8-8B4A-11D0-8D11-00A0C91BC942}") = "visitor", "Behavioral\visitor\visitor.vcxproj", "{51C84356-6AC0-48B9-B4B6-8092D1A121A7}"
EndProject
Project("{8BC9CEB8-8B4A-11D0-8D11-00A0C91BC942}") = "iterator", "Behavioral\iterator\iterator.vcxproj", "{A8DBC9ED-79F5-4E87-92BA-8DC998471EDE}"
EndProject
Project("{8BC9CEB8-8B4A-11D0-8D11-00A0C91BC942}") = "memento", "Behavioral\memento\memento.vcxproj", "{BCE20480-FFCF-4013-9D8B-1D90DD28CD08}"
EndProject
Project("{8BC9CEB8-8B4A-11D0-8D11-00A0C91BC942}") = "null-object", "Behavioral\null-object\null-object.vcxproj", "{CAC426E7-8AE4-46A4-ACFC-B1F1410B6AB4}"
EndProject
Project("{8BC9CEB8-8B4A-11D0-8D11-00A0C91BC942}") = "object-adapter", "Structural\object-adapter\object-adapter.vcxproj", "{0DED9EE1-439D-484C-A61C-6775DC89E656}"
EndProject
Project("{8BC9CEB8-8B4A-11D0-8D11-00A0C91BC942}") = "bridge", "Structural\bridge\bridge.vcxproj", "{D75B24B0-DB7A-47DD-A40C-1003771F14A1}"
EndProject
Project("{8BC9CEB8-8B4A-11D0-8D11-00A0C91BC942}") = "class-adapter", "Structural\class-adapter\class-adapter.vcxproj", "{E965917E-62A8-4580-AB5E-4305F6BF4E41}"
EndProject
Global
	GlobalSection(SolutionConfigurationPlatforms) = preSolution
		Debug|x64 = Debug|x64
		Debug|x86 = Debug|x86
		Release|x64 = Release|x64
		Release|x86 = Release|x86
	EndGlobalSection
	GlobalSection(ProjectConfigurationPlatforms) = postSolution
		{89D19BB1-B43D-4BFE-9165-AF686DE165F8}.Debug|x64.ActiveCfg = Debug|x64
		{89D19BB1-B43D-4BFE-9165-AF686DE165F8}.Debug|x64.Build.0 = Debug|x64
		{89D19BB1-B43D-4BFE-9165-AF686DE165F8}.Debug|x86.ActiveCfg = Debug|Win32
		{89D19BB1-B43D-4BFE-9165-AF686DE165F8}.Debug|x86.Build.0 = Debug|Win32
		{89D19BB1-B43D-4BFE-9165-AF686DE165F8}.Release|x64.ActiveCfg = Release|x64
		{89D19BB1-B43D-4BFE-9165-AF686DE165F8}.Release|x64.Build.0 = Release|x64
		{89D19BB1-B43D-4BFE-9165-AF686DE165F8}.Release|x86.ActiveCfg = Release|Win32
		{89D19BB1-B43D-4BFE-9165-AF686DE165F8}.Release|x86.Build.0 = Release|Win32
		{973BF8C7-5057-4E34-A840-5239CA66F7F5}.Debug|x64.ActiveCfg = Debug|x64
		{973BF8C7-5057-4E34-A840-5239CA66F7F5}.Debug|x64.Build.0 = Debug|x64
		{973BF8C7-5057-4E34-A840-5239CA66F7F5}.Debug|x86.ActiveCfg = Debug|Win32
		{973BF8C7-5057-4E34-A840-5239CA66F7F5}.Debug|x86.Build.0 = Debug|Win32
		{973BF8C7-5057-4E34-A840-5239CA66F7F5}.Release|x64.ActiveCfg = Release|x64
		{973BF8C7-5057-4E34-A840-5239CA66F7F5}.Release|x64.Build.0 = Release|x64
		{973BF8C7-5057-4E34-A840-5239CA66F7F5}.Release|x86.ActiveCfg = Release|Win32
		{973BF8C7-5057-4E34-A840-5239CA66F7F5}.Release|x86.Build.0 = Release|Win32
		{88A8BBB2-4934-4C79-A298-ABE8D028D368}.Debug|x64.ActiveCfg = Debug|x64
		{88A8BBB2-4934-4C79-A298-ABE8D028D368}.Debug|x64.Build.0 = Debug|x64
		{88A8BBB2-4934-4C79-A298-ABE8D028D368}.Debug|x86.ActiveCfg = Debug|Win32
		{88A8BBB2-4934-4C79-A298-ABE8D028D368}.Debug|x86.Build.0 = Debug|Win32
		{88A8BBB2-4934-4C79-A298-ABE8D028D368}.Release|x64.ActiveCfg = Release|x64
		{88A8BBB2-4934-4C79-A298-ABE8D028D368}.Release|x64.Build.0 = Release|x64
		{88A8BBB2-4934-4C79-A298-ABE8D028D368}.Release|x86.ActiveCfg = Release|Win32
		{88A8BBB2-4934-4C79-A298-ABE8D028D368}.Release|x86.Build.0 = Release|Win32
		{C333B721-E49F-446D-9BA0-7C6BE594FB18}.Debug|x64.ActiveCfg = Debug|x64
		{C333B721-E49F-446D-9BA0-7C6BE594FB18}.Debug|x64.Build.0 = Debug|x64
		{C333B721-E49F-446D-9BA0-7C6BE594FB18}.Debug|x86.ActiveCfg = Debug|Win32
		{C333B721-E49F-446D-9BA0-7C6BE594FB18}.Debug|x86.Build.0 = Debug|Win32
		{C333B721-E49F-446D-9BA0-7C6BE594FB18}.Release|x64.ActiveCfg = Release|x64
		{C333B721-E49F-446D-9BA0-7C6BE594FB18}.Release|x64.Build.0 = Release|x64
		{C333B721-E49F-446D-9BA0-7C6BE594FB18}.Release|x86.ActiveCfg = Release|Win32
		{C333B721-E49F-446D-9BA0-7C6BE594FB18}.Release|x86.Build.0 = Release|Win32
		{E734DF5B-EE91-404E-80AE-C6FB94D2A545}.Debug|x64.ActiveCfg = Debug|x64
		{E734DF5B-EE91-404E-80AE-C6FB94D2A545}.Debug|x64.Build.0 = Debug|x64
		{E734DF5B-EE91-404E-80AE-C6FB94D2A545}.Debug|x86.ActiveCfg = Debug|Win32
		{E734DF5B-EE91-404E-80AE-C6FB94D2A545}.Debug|x86.Build.0 = Debug|Win32
		{E734DF5B-EE91-404E-80AE-C6FB94D2A545}.Release|x64.ActiveCfg = Release|x64
		{E734DF5B-EE91-404E-80AE-C6FB94D2A545}.Release|x64.Build.0 = Release|x64
		{E734DF5B-EE91-404E-80AE-C6FB94D2A545}.Release|x86.ActiveCfg = Release|Win32
		{E734DF5B-EE91-404E-80AE-C6FB94D2A545}.Release|x86.Build.0 = Release|Win32
		{9012E196-B8CD-4550-98E1-F67FB0444E8A}.Debug|x64.ActiveCfg = Debug|x64
		{9012E196-B8CD-4550-98E1-F67FB0444E8A}.Debug|x64.Build.0 = Debug|x64
		{9012E196-B8CD-4550-98E1-F67FB0444E8A}.Debug|x86.ActiveCfg = Debug|Win32
		{9012E196-B8CD-4550-98E1-F67FB0444E8A}.Debug|x86.Build.0 = Debug|Win32
		{9012E196-B8CD-4550-98E1-F67FB0444E8A}.Release|x64.ActiveCfg = Release|x64
		{9012E196-B8CD-4550-98E1-F67FB0444E8A}.Release|x64.Build.0 = Release|x64
		{9012E196-B8CD-4550-98E1-F67FB0444E8A}.Release|x86.ActiveCfg = Release|Win32
		{9012E196-B8CD-4550-98E1-F67FB0444E8A}.Release|x86.Build.0 = Release|Win32
		{02EE414E-0684-4DF7-834C-1C8F059707EA}.Debug|x64.ActiveCfg = Debug|x64
		{02EE414E-0684-4DF7-834C-1C8F059707EA}.Debug|x64.Build.0 = Debug|x64
		{02EE414E-0684-4DF7-834C-1C8F059707EA}.Debug|x86.ActiveCfg = Debug|Win32
		{02EE414E-0684-4DF7-834C-1C8F059707EA}.Debug|x86.Build.0 = Debug|Win32
		{02EE414E-0684-4DF7-834C-1C8F059707EA}.Release|x64.ActiveCfg = Release|x64
		{02EE414E-0684-4DF7-834C-1C8F059707EA}.Release|x64.Build.0 = Release|x64
		{02EE414E-0684-4DF7-834C-1C8F059707EA}.Release|x86.ActiveCfg = Release|Win32
		{02EE414E-0684-4DF7-834C-1C8F059707EA}.Release|x86.Build.0 = Release|Win32
		{FC6B4C0F-C4DB-4161-A61C-146AAE19C220}.Debug|x64.ActiveCfg = Debug|x64
		{FC6B4C0F-C4DB-4161-A61C-146AAE19C220}.Debug|x64.Build.0 = Debug|x64
		{FC6B4C0F-C4DB-4161-A61C-146AAE19C220}.Debug|x86.ActiveCfg = Debug|Win32
		{FC6B4C0F-C4DB-4161-A61C-146AAE19C220}.Debug|x86.Build.0 = Debug|Win32
		{FC6B4C0F-C4DB-4161-A61C-146AAE19C220}.Release|x64.ActiveCfg = Release|x64
		{FC6B4C0F-C4DB-4161-A61C-146AAE19C220}.Release|x64.Build.0 = Release|x64
		{FC6B4C0F-C4DB-4161-A61C-146AAE19C220}.Release|x86.ActiveCfg = Release|Win32
		{FC6B4C0F-C4DB-4161-A61C-146AAE19C220}.Release|x86.Build.0 = Release|Win32
		{B53CFA18-6269-41DB-90B2-3B07C49A8B0E}.Debug|x64.ActiveCfg = Debug|x64
		{B53CFA18-6269-41DB-90B2-3B07C49A8B0E}.Debug|x64.Build.0 = Debug|x64
		{B53CFA18-6269-41DB-90B2-3B07C49A8B0E}.Debug|x86.ActiveCfg = Debug|Win32
		{B53CFA18-6269-41DB-90B2-3B07C49A8B0E}.Debug|x86.Build.0 = Debug|Win32
		{B53CFA18-6269-41DB-90B2-3B07C49A8B0E}.Release|x64.ActiveCfg = Release|x64
		{B53CFA18-6269-41DB-90B2-3B07C49A8B0E}.Release|x64.Build.0 = Release|x64
		{B53CFA18-6269-41DB-90B2-3B07C49A8B0E}.Release|x86.ActiveCfg = Release|Win32
		{B53CFA18-6269-41DB-90B2-3B07C49A8B0E}.Release|x86.Build.0 = Release|Win32
		{628E3873-D2D8-4E35-AD6B-895E1A3FE872}.Debug|x64.ActiveCfg = Debug|x64
		{628E3873-D2D8-4E35-AD6B-895E1A3FE872}.Debug|x64.Build.0 = Debug|x64
		{628E3873-D2D8-4E35-AD6B-895E1A3FE872}.Debug|x86.ActiveCfg = Debug|Win32
		{628E3873-D2D8-4E35-AD6B-895E1A3FE872}.Debug|x86.Build.0 = Debug|Win32
		{628E3873-D2D8-4E35-AD6B-895E1A3FE872}.Release|x64.ActiveCfg = Release|x64
		{628E3873-D2D8-4E35-AD6B-895E1A3FE872}.Release|x64.Build.0 = Release|x64
		{628E3873-D2D8-4E35-AD6B-895E1A3FE872}.Release|x86.ActiveCfg = Release|Win32
		{628E3873-D2D8-4E35-AD6B-895E1A3FE872}.Release|x86.Build.0 = Release|Win32
		{6B534A78-CA39-4A51-977D-7B69F0DBDC2F}.Debug|x64.ActiveCfg = Debug|x64
		{6B534A78-CA39-4A51-977D-7B69F0DBDC2F}.Debug|x64.Build.0 = Debug|x64
		{6B534A78-CA39-4A51-977D-7B69F0DBDC2F}.Debug|x86.ActiveCfg = Debug|Win32
		{6B534A78-CA39-4A51-977D-7B69F0DBDC2F}.Debug|x86.Build.0 = Debug|Win32
		{6B534A78-CA39-4A51-977D-7B69F0DBDC2F}.Release|x64.ActiveCfg = Release|x64
		{6B534A78-CA39-4A51-977D-7B69F0DBDC2F}.Release|x64.Build.0 = Release|x64
		{6B534A78-CA39-4A51-977D-7B69F0DBDC2F}.Release|x86.ActiveCfg = Release|Win32
		{6B534A78-CA39-4A51-977D-7B69F0DBDC2F}.Release|x86.Build.0 = Release|Win32
		{4FEC9273-9821-4960-9EB1-7E571500C30E}.Debug|x64.ActiveCfg = Debug|x64
		{4FEC9273-9821-4960-9EB1-7E571500C30E}.Debug|x64.Build.0 = Debug|x64
		{4FEC9273-9821-4960-9EB1-7E571500C30E}.Debug|x86.ActiveCfg = Debug|Win32
		{4FEC9273-9821-4960-9EB1-7E571500C30E}.Debug|x86.Build.0 = Debug|Win32
		{4FEC9273-9821-4960-9EB1-7E571500C30E}.Release|x64.ActiveCfg = Release|x64
		{4FEC9273-9821-4960-9EB1-7E571500C30E}.Release|x64.Build.0 = Release|x64
		{4FEC9273-9821-4960-9EB1-7E571500C30E}.Release|x86.ActiveCfg = Release|Win32
		{4FEC9273-9821-4960-9EB1-7E571500C30E}.Release|x86.Build.0 = Release|Win32
		{2CAF500F-0BBF-4E07-A797-FBF7445F2102}.Debug|x64.ActiveCfg = Debug|x64
		{2CAF500F-0BBF-4E07-A797-FBF7445F2102}.Debug|x64.Build.0 = Debug|x64
		{2CAF500F-0BBF-4E07-A797-FBF7445F2102}.Debug|x86.ActiveCfg = Debug|Win32
		{2CAF500F-0BBF-4E07-A797-FBF7445F2102}.Debug|x86.Build.0 = Debug|Win32
		{2CAF500F-0BBF-4E07-A797-FBF7445F2102}.Release|x64.ActiveCfg = Release|x64
		{2CAF500F-0BBF-4E07-A797-FBF7445F2102}.Release|x64.Build.0 = Release|x64
		{2CAF500F-0BBF-4E07-A797-FBF7445F2102}.Release|x86.ActiveCfg = Release|Win32
		{2CAF500F-0BBF-4E07-A797-FBF7445F2102}.Release|x86.Build.0 = Release|Win32
		{3AF873DF-6057-426D-B62C-19B8A42CE453}.Debug|x64.ActiveCfg = Debug|x64
		{3AF873DF-6057-426D-B62C-19B8A42CE453}.Debug|x64.Build.0 = Debug|x64
		{3AF873DF-6057-426D-B62C-19B8A42CE453}.Debug|x86.ActiveCfg = Debug|Win32
		{3AF873DF-6057-426D-B62C-19B8A42CE453}.Debug|x86.Build.0 = Debug|Win32
		{3AF873DF-6057-426D-B62C-19B8A42CE453}.Release|x64.ActiveCfg = Release|x64
		{3AF873DF-6057-426D-B62C-19B8A42CE453}.Release|x64.Build.0 = Release|x64
		{3AF873DF-6057-426D-B62C-19B8A42CE453}.Release|x86.ActiveCfg = Release|Win32
		{3AF873DF-6057-426D-B62C-19B8A42CE453}.Release|x86.Build.0 = Release|Win32
		{47EBDF6F-0715-48AA-B32D-EED5FEC3A958}.Debug|x64.ActiveCfg = Debug|x64
		{47EBDF6F-0715-48AA-B32D-EED5FEC3A958}.Debug|x64.Build.0 = Debug|x64
		{47EBDF6F-0715-48AA-B32D-EED5FEC3A958}.Debug|x86.ActiveCfg = Debug|Win32
		{47EBDF6F-0715-48AA-B32D-EED5FEC3A958}.Debug|x86.Build.0 = Debug|Win32
		{47EBDF6F-0715-48AA-B32D-EED5FEC3A958}.Release|x64.ActiveCfg = Release|x64
		{47EBDF6F-0715-48AA-B32D-EED5FEC3A958}.Release|x64.Build.0 = Release|x64
		{47EBDF6F-0715-48AA-B32D-EED5FEC3A958}.Release|x86.ActiveCfg = Release|Win32
		{47EBDF6F-0715-48AA-B32D-EED5FEC3A958}.Release|x86.Build.0 = Release|Win32
		{CF58431D-2FD7-413E-BD29-423C67EFBE6E}.Debug|x64.ActiveCfg = Debug|x64
		{CF58431D-2FD7-413E-BD29-423C67EFBE6E}.Debug|x64.Build.0 = Debug|x64
		{CF58431D-2FD7-413E-BD29-423C67EFBE6E}.Debug|x86.ActiveCfg = Debug|Win32
		{CF58431D-2FD7-413E-BD29-423C67EFBE6E}.Debug|x86.Build.0 = Debug|Win32
		{CF58431D-2FD7-413E-BD29-423C67EFBE6E}.Release|x64.ActiveCfg = Release|x64
		{CF58431D-2FD7-413E-BD29-423C67EFBE6E}.Release|x64.Build.0 = Release|x64
		{CF58431D-2FD7-413E-BD29-423C67EFBE6E}.Release|x86.ActiveCfg = Release|Win32
		{CF58431D-2FD7-413E-BD29-423C67EFBE6E}.Release|x86.Build.0 = Release|Win32
		{51C84356-6AC0-48B9-B4B6-8092D1A121A7}.Debug|x64.ActiveCfg = Debug|x64
		{51C84356-6AC0-48B9-B4B6-8092D1A121A7}.Debug|x64.Build.0 = Debug|x64
		{51C84356-6AC0-48B9-B4B6-8092D1A121A7}.Debug|x86.ActiveCfg = Debug|Win32
		{51C84356-6AC0-48B9-B4B6-8092D1A121A7}.Debug|x86.Build.0 = Debug|Win32
		{51C84356-6AC0-48B9-B4B6-8092D1A121A7}.Release|x64.ActiveCfg = Release|x64
		{51C84356-6AC0-48B9-B4B6-8092D1A121A7}.Release|x64.Build.0 = Release|x64
		{51C84356-6AC0-48B9-B4B6-8092D1A121A7}.Release|x86.ActiveCfg = Release|Win32
		{51C84356-6AC0-48B9-B4B6-8092D1A121A7}.Release|x86.Build.0 = Release|Win32
		{A8DBC9ED-79F5-4E87-92BA-8DC998471EDE}.Debug|x64.ActiveCfg = Debug|x64
		{A8DBC9ED-79F5-4E87-92BA-8DC998471EDE}.Debug|x64.Build.0 = Debug|x64
		{A8DBC9ED-79F5-4E87-92BA-8DC998471EDE}.Debug|x86.ActiveCfg = Debug|Win32
		{A8DBC9ED-79F5-4E87-92BA-8DC998471EDE}.Debug|x86.Build.0 = Debug|Win32
		{A8DBC9ED-79F5-4E87-92BA-8DC998471EDE}.Release|x64.ActiveCfg = Release|x64
		{A8DBC9ED-79F5-4E87-92BA-8DC998471EDE}.Release|x64.Build.0 = Release|x64
		{A8DBC9ED-79F5-4E87-92BA-8DC998471EDE}.Release|x86.ActiveCfg = Release|Win32
		{A8DBC9ED-79F5-4E87-92BA-8DC998471EDE}.Release|x86.Build.0 = Release|Win32
		{BCE20480-FFCF-4013-9D8B-1D90DD28CD08}.Debug|x64.ActiveCfg = Debug|x64
		{BCE20480-FFCF-4013-9D8B-1D90DD28CD08}.Debug|x64.Build.0 = Debug|x64
		{BCE20480-FFCF-4013-9D8B-1D90DD28CD08}.Debug|x86.ActiveCfg = Debug|Win32
		{BCE20480-FFCF-4013-9D8B-1D90DD28CD08}.Debug|x86.Build.0 = Debug|Win32
		{BCE20480-FFCF-4013-9D8B-1D90DD28CD08}.Release|x64.ActiveCfg = Release|x64
		{BCE20480-FFCF-4013-9D8B-1D90DD28CD08}.Release|x64.Build.0 = Release|x64
		{BCE20480-FFCF-4013-9D8B-1D90DD28CD08}.Release|x86.ActiveCfg = Release|Win32
		{BCE20480-FFCF-4013-9D8B-1D90DD28CD08}.Release|x86.Build.0 = Release|Win32
		{CAC426E7-8AE4-46A4-ACFC-B1F1410B6AB4}.Debug|x64.ActiveCfg = Debug|x64
		{CAC426E7-8AE4-46A4-ACFC-B1F1410B6AB4}.Debug|x64.Build.0 = Debug|x64
		{CAC426E7-8AE4-46A4-ACFC-B1F1410B6AB4}.Debug|x86.ActiveCfg = Debug|Win32
		{CAC426E7-8AE4-46A4-ACFC-B1F1410B6AB4}.Debug|x86.Build.0 = Debug|Win32
		{CAC426E7-8AE4-46A4-ACFC-B1F1410B6AB4}.Release|x64.ActiveCfg = Release|x64
		{CAC426E7-8AE4-46A4-ACFC-B1F1410B6AB4}.Release|x64.Build.0 = Release|x64
		{CAC426E7-8AE4-46A4-ACFC-B1F1410B6AB4}.Release|x86.ActiveCfg = Release|Win32
		{CAC426E7-8AE4-46A4-ACFC-B1F1410B6AB4}.Release|x86.Build.0 = Release|Win32
		{0DED9EE1-439D-484C-A61C-6775DC89E656}.Debug|x64.ActiveCfg = Debug|x64
		{0DED9EE1-439D-484C-A61C-6775DC89E656}.Debug|x64.Build.0 = Debug|x64
		{0DED9EE1-439D-484C-A61C-6775DC89E656}.Debug|x86.ActiveCfg = Debug|Win32
		{0DED9EE1-439D-484C-A61C-6775DC89E656}.Debug|x86.Build.0 = Debug|Win32
		{0DED9EE1-439D-484C-A61C-6775DC89E656}.Release|x64.ActiveCfg = Release|x64
		{0DED9EE1-439D-484C-A61C-6775DC89E656}.Release|x64.Build.0 = Release|x64
		{0DED9EE1-439D-484C-A61C-6775DC89E656}.Release|x86.ActiveCfg = Release|Win32
		{0DED9EE1-439D-484C-A61C-6775DC89E656}.Release|x86.Build.0 = Release|Win32
		{D75B24B0-DB7A-47DD-A40C-1003771F14A1}.Debug|x64.ActiveCfg = Debug|x64
		{D75B24B0-DB7A-47DD-A40C-1003771F14A1}.Debug|x64.Build.0 = Debug|x64
		{D75B24B0-DB7A-47DD-A40C-1003771F14A1}.Debug|x86.ActiveCfg = Debug|Win32
		{D75B24B0-DB7A-47DD-A40C-1003771F14A1}.Debug|x86.Build.0 = Debug|Win32
		{D75B24B0-DB7A-47DD-A40C-1003771F14A1}.Release|x64.ActiveCfg = Release|x64
		{D75B24B0-DB7A-47DD-A40C-1003771F14A1}.Release|x64.Build.0 = Release|x64
		{D75B24B0-DB7A-47DD-A40C-1003771F14A1}.Release|x86.ActiveCfg = Release|Win32
		{D75B24B0-DB7A-47DD-A40C-1003771F14A1}.Release|x86.Build.0 = Release|Win32
		{E965917E-62A8-4580-AB5E-4305F6BF4E41}.Debug|x64.ActiveCfg = Debug|x64
		{E965917E-62A8-4580-AB5E-4305F6BF4E41}.Debug|x64.Build.0 = Debug|x64
		{E965917E-62A8-4580-AB5E-4305F6BF4E41}.Debug|x86.ActiveCfg = Debug|Win32
		{E965917E-62A8-4580-AB5E-4305F6BF4E41}.Debug|x86.Build.0 = Debug|Win32
		{E965917E-62A8-4580-AB5E-4305F6BF4E41}.Release|x64.ActiveCfg = Release|x64
		{E965917E-62A8-4580-AB5E-4305F6BF4E41}.Release|x64.Build.0 = Release|x64
		{E965917E-62A8-4580-AB5E-4305F6BF4E41}.Release|x86.ActiveCfg = Release|Win32
		{E965917E-62A8-4580-AB5E-4305F6BF4E41}.Release|x86.Build.0 = Release|Win32
	EndGlobalSection
	GlobalSection(SolutionProperties) = preSolution
		HideSolutionNode = FALSE
	EndGlobalSection
	GlobalSection(NestedProjects) = preSolution
		{89D19BB1-B43D-4BFE-9165-AF686DE165F8} = {92C7D978-7BDD-4D44-996E-864311421DAC}
		{973BF8C7-5057-4E34-A840-5239CA66F7F5} = {92C7D978-7BDD-4D44-996E-864311421DAC}
		{88A8BBB2-4934-4C79-A298-ABE8D028D368} = {92C7D978-7BDD-4D44-996E-864311421DAC}
		{C333B721-E49F-446D-9BA0-7C6BE594FB18} = {768CDFBE-73B9-4782-88AE-E87FC594550B}
		{E734DF5B-EE91-404E-80AE-C6FB94D2A545} = {92C7D978-7BDD-4D44-996E-864311421DAC}
		{9012E196-B8CD-4550-98E1-F67FB0444E8A} = {92C7D978-7BDD-4D44-996E-864311421DAC}
		{02EE414E-0684-4DF7-834C-1C8F059707EA} = {92C7D978-7BDD-4D44-996E-864311421DAC}
		{FC6B4C0F-C4DB-4161-A61C-146AAE19C220} = {AAE4C28A-7B74-44DC-A8E2-BA9A580AFBF9}
		{B53CFA18-6269-41DB-90B2-3B07C49A8B0E} = {AAE4C28A-7B74-44DC-A8E2-BA9A580AFBF9}
		{628E3873-D2D8-4E35-AD6B-895E1A3FE872} = {AAE4C28A-7B74-44DC-A8E2-BA9A580AFBF9}
		{6B534A78-CA39-4A51-977D-7B69F0DBDC2F} = {AAE4C28A-7B74-44DC-A8E2-BA9A580AFBF9}
		{4FEC9273-9821-4960-9EB1-7E571500C30E} = {AAE4C28A-7B74-44DC-A8E2-BA9A580AFBF9}
		{2CAF500F-0BBF-4E07-A797-FBF7445F2102} = {AAE4C28A-7B74-44DC-A8E2-BA9A580AFBF9}
		{3AF873DF-6057-426D-B62C-19B8A42CE453} = {AAE4C28A-7B74-44DC-A8E2-BA9A580AFBF9}
		{47EBDF6F-0715-48AA-B32D-EED5FEC3A958} = {AAE4C28A-7B74-44DC-A8E2-BA9A580AFBF9}
		{CF58431D-2FD7-413E-BD29-423C67EFBE6E} = {AAE4C28A-7B74-44DC-A8E2-BA9A580AFBF9}
		{51C84356-6AC0-48B9-B4B6-8092D1A121A7} = {AAE4C28A-7B74-44DC-A8E2-BA9A580AFBF9}
		{A8DBC9ED-79F5-4E87-92BA-8DC998471EDE} = {AAE4C28A-7B74-44DC-A8E2-BA9A580AFBF9}
		{BCE20480-FFCF-4013-9D8B-1D90DD28CD08} = {AAE4C28A-7B74-44DC-A8E2-BA9A580AFBF9}
		{CAC426E7-8AE4-46A4-ACFC-B1F1410B6AB4} = {AAE4C28A-7B74-44DC-A8E2-BA9A580AFBF9}
		{0DED9EE1-439D-484C-A61C-6775DC89E656} = {768CDFBE-73B9-4782-88AE-E87FC594550B}
		{D75B24B0-DB7A-47DD-A40C-1003771F14A1} = {768CDFBE-73B9-4782-88AE-E87FC594550B}
		{E965917E-62A8-4580-AB5E-4305F6BF4E41} = {768CDFBE-73B9-4782-88AE-E87FC594550B}
	EndGlobalSection
	GlobalSection(ExtensibilityGlobals) = postSolution
		SolutionGuid = {FB44E25C-D772-4D4C-BA0B-47DA75BBFDF1}
	EndGlobalSection
EndGlobal
